{
  "name": "cloudflare-maintenance-worker",
  "version": "1.0.0",
  "lockfileVersion": 3,
  "requires": true,
  "packages": {
    "": {
      "name": "cloudflare-maintenance-worker",
      "version": "1.0.0",
      "devDependencies": {
        "@cloudflare/workers-types": "^4.20250224.0",
        "typescript": "^5.8.2"
      }
    },
    "node_modules/@cloudflare/workers-types": {
      "version": "4.20250224.0",
      "resolved": "https://registry.npmjs.org/@cloudflare/workers-types/-/workers-types-4.20250224.0.tgz",
      "integrity": "sha512-j6ZwQ5G2moQRaEtGI2u5TBQhVXv/XwOS5jfBAheZHcpCM07zm8j0i8jZHHLq/6VA8e6VRjKohOyj5j6tZ1KHLQ==",
      "dev": true,
      "license": "MIT OR Apache-2.0"
    },
    "node_modules/typescript": {
      "version": "5.8.2",
      "resolved": "https://registry.npmjs.org/typescript/-/typescript-5.8.2.tgz",
      "integrity": "sha512-aJn6wq13/afZp/jT9QZmwEjDqqvSGp1VT5GVg+f/t6/oVyrgXM6BY1h9BRh/O5p3PlUPAe+WuiEZOmb/49RqoQ==",
      "dev": true,
      "license": "Apache-2.0",
      "bin": {
        "tsc": "bin/tsc",
        "tsserver": "bin/tsserver"
      },
      "engines": {
        "node": ">=14.17"
      }
    }
  }
}
